
Microsoft Visual Studio Solution File, Format Version 12.00
# Visual Studio 15
VisualStudioVersion = 15.0.27428.2037
MinimumVisualStudioVersion = 10.0.40219.1
Project("{FAE04EC0-301F-11D3-BF4B-00C04F79EFBC}") = "MvvmLight1", "MvvmLight1\MvvmLight1.csproj", "{17616141-1AEF-4E70-8C17-1E569E9487B5}"
EndProject
Global
	GlobalSection(SolutionConfigurationPlatforms) = preSolution
		Debug|Any CPU = Debug|Any CPU
		Release|Any CPU = Release|Any CPU
	EndGlobalSection
	GlobalSection(ProjectConfigurationPlatforms) = postSolution
		{17616141-1AEF-4E70-8C17-1E569E9487B5}.Debug|Any CPU.ActiveCfg = Debug|Any CPU
		{17616141-1AEF-4E70-8C17-1E569E9487B5}.Debug|Any CPU.Build.0 = Debug|Any CPU
		{17616141-1AEF-4E70-8C17-1E569E9487B5}.Release|Any CPU.ActiveCfg = Release|Any CPU
		{17616141-1AEF-4E70-8C17-1E569E9487B5}.Release|Any CPU.Build.0 = Release|Any CPU
	EndGlobalSection
	GlobalSection(SolutionProperties) = preSolution
		HideSolutionNode = FALSE
	EndGlobalSection
	GlobalSection(ExtensibilityGlobals) = postSolution
		SolutionGuid = {B08F84AA-E8ED-4167-B6D2-F01F834A522D}
	EndGlobalSection
EndGlobal
